
Microsoft Visual Studio Solution File, Format Version 12.00
# Visual Studio Version 17
VisualStudioVersion = 17.13.35931.197 d17.13
MinimumVisualStudioVersion = 10.0.40219.1
Project("{FAE04EC0-301F-11D3-BF4B-00C04F79EFBC}") = "Danilov", "Danilov\Danilov.csproj", "{D1D8851A-1B8F-4AF0-A6BC-CA520544EB05}"
EndProject
Global
	GlobalSection(SolutionConfigurationPlatforms) = preSolution
		Debug|Any CPU = Debug|Any CPU
		Release|Any CPU = Release|Any CPU
	EndGlobalSection
	GlobalSection(ProjectConfigurationPlatforms) = postSolution
		{D1D8851A-1B8F-4AF0-A6BC-CA520544EB05}.Debug|Any CPU.ActiveCfg = Debug|Any CPU
		{D1D8851A-1B8F-4AF0-A6BC-CA520544EB05}.Debug|Any CPU.Build.0 = Debug|Any CPU
		{D1D8851A-1B8F-4AF0-A6BC-CA520544EB05}.Release|Any CPU.ActiveCfg = Release|Any CPU
		{D1D8851A-1B8F-4AF0-A6BC-CA520544EB05}.Release|Any CPU.Build.0 = Release|Any CPU
	EndGlobalSection
	GlobalSection(SolutionProperties) = preSolution
		HideSolutionNode = FALSE
	EndGlobalSection
	GlobalSection(ExtensibilityGlobals) = postSolution
		SolutionGuid = {D35159AA-98CF-4DB6-AC10-DE8323AB1959}
	EndGlobalSection
EndGlobal
